
Microsoft Visual Studio Solution File, Format Version 12.00
# Visual Studio Version 17
VisualStudioVersion = 17.0.32112.339
MinimumVisualStudioVersion = 10.0.40219.1
Project("{FAE04EC0-301F-11D3-BF4B-00C04F79EFBC}") = "TechVNP", "TechVNP\TechVNP.csproj", "{F1FC7F9F-27DD-4996-A83B-D77BA5E29900}"
EndProject
Global
	GlobalSection(SolutionConfigurationPlatforms) = preSolution
		Debug|Any CPU = Debug|Any CPU
		Release|Any CPU = Release|Any CPU
	EndGlobalSection
	GlobalSection(ProjectConfigurationPlatforms) = postSolution
		{F1FC7F9F-27DD-4996-A83B-D77BA5E29900}.Debug|Any CPU.ActiveCfg = Debug|Any CPU
		{F1FC7F9F-27DD-4996-A83B-D77BA5E29900}.Debug|Any CPU.Build.0 = Debug|Any CPU
		{F1FC7F9F-27DD-4996-A83B-D77BA5E29900}.Release|Any CPU.ActiveCfg = Release|Any CPU
		{F1FC7F9F-27DD-4996-A83B-D77BA5E29900}.Release|Any CPU.Build.0 = Release|Any CPU
	EndGlobalSection
	GlobalSection(SolutionProperties) = preSolution
		HideSolutionNode = FALSE
	EndGlobalSection
	GlobalSection(ExtensibilityGlobals) = postSolution
		SolutionGuid = {43BFF311-35C9-46BB-955B-A75F81A5BCF4}
	EndGlobalSection
EndGlobal
